// !$*UTF8*$!
{
	archiveVersion = 1;
	classes = {
	};
	objectVersion = 46;
	objects = {

/* Begin PBXBuildFile section */
		D823313E179F7DDB00AA90A1 /* SenTestingKit.framework in Frameworks */ = {isa = PBXBuildFile; fileRef = D8656C0D172F932800C0AFDE /* SenTestingKit.framework */; };
		D823313F179F7DDB00AA90A1 /* UIKit.framework in Frameworks */ = {isa = PBXBuildFile; fileRef = D8656BE6172F932800C0AFDE /* UIKit.framework */; };
		D8233140179F7DDB00AA90A1 /* Foundation.framework in Frameworks */ = {isa = PBXBuildFile; fileRef = D8656BE8172F932800C0AFDE /* Foundation.framework */; };
		D8233149179F7DDB00AA90A1 /* ApplicationUnitTests.m in Sources */ = {isa = PBXBuildFile; fileRef = D8233148179F7DDB00AA90A1 /* ApplicationUnitTests.m */; };
		D839C7F7180EA95F0023A587 /* Images.xcassets in Resources */ = {isa = PBXBuildFile; fileRef = D839C7F6180EA95F0023A587 /* Images.xcassets */; };
		D83A62A217BF31FB001666DE /* TodayViewController.m in Sources */ = {isa = PBXBuildFile; fileRef = D83A62A117BF31FB001666DE /* TodayViewController.m */; };
		D850080C17451976008AE1D4 /* TaskSelectionTableViewController.m in Sources */ = {isa = PBXBuildFile; fileRef = D850080B17451976008AE1D4 /* TaskSelectionTableViewController.m */; };
		D8543D1417B62BAA009B6B51 /* TaskTableView.m in Sources */ = {isa = PBXBuildFile; fileRef = D8543D1317B62BAA009B6B51 /* TaskTableView.m */; };
		D8656BE7172F932800C0AFDE /* UIKit.framework in Frameworks */ = {isa = PBXBuildFile; fileRef = D8656BE6172F932800C0AFDE /* UIKit.framework */; };
		D8656BE9172F932800C0AFDE /* Foundation.framework in Frameworks */ = {isa = PBXBuildFile; fileRef = D8656BE8172F932800C0AFDE /* Foundation.framework */; };
		D8656BF1172F932800C0AFDE /* InfoPlist.strings in Resources */ = {isa = PBXBuildFile; fileRef = D8656BEF172F932800C0AFDE /* InfoPlist.strings */; };
		D8656BF3172F932800C0AFDE /* main.m in Sources */ = {isa = PBXBuildFile; fileRef = D8656BF2172F932800C0AFDE /* main.m */; };
		D8656BF7172F932800C0AFDE /* AppDelegate.m in Sources */ = {isa = PBXBuildFile; fileRef = D8656BF6172F932800C0AFDE /* AppDelegate.m */; };
		D8656C00172F932800C0AFDE /* MainStoryboard.storyboard in Resources */ = {isa = PBXBuildFile; fileRef = D8656BFE172F932800C0AFDE /* MainStoryboard.storyboard */; };
		D8656C25172F97BD00C0AFDE /* EventKit.framework in Frameworks */ = {isa = PBXBuildFile; fileRef = D8656C24172F97BD00C0AFDE /* EventKit.framework */; };
		D8656C28172F9A2C00C0AFDE /* Task.m in Sources */ = {isa = PBXBuildFile; fileRef = D8656C27172F9A2C00C0AFDE /* Task.m */; };
		D87D17BB17C08D9700DD7FCB /* Localizable.strings in Resources */ = {isa = PBXBuildFile; fileRef = D87D17B917C08D9700DD7FCB /* Localizable.strings */; };
		D885529717B0EDCA00206229 /* Common.m in Sources */ = {isa = PBXBuildFile; fileRef = D885529617B0EDCA00206229 /* Common.m */; };
		D8AC75CC1796B6D900883487 /* TaskCell.m in Sources */ = {isa = PBXBuildFile; fileRef = D8AC75CB1796B6D900883487 /* TaskCell.m */; };
		D8CA028C179D545800648313 /* AudioToolbox.framework in Frameworks */ = {isa = PBXBuildFile; fileRef = D8CA028B179D545800648313 /* AudioToolbox.framework */; };
		D8CA028D179D546D00648313 /* CoreGraphics.framework in Frameworks */ = {isa = PBXBuildFile; fileRef = D85AA504179AB575005F228C /* CoreGraphics.framework */; };
		D8CA028F179D549B00648313 /* Stamp.wav in Resources */ = {isa = PBXBuildFile; fileRef = D8CA028E179D549B00648313 /* Stamp.wav */; };
/* End PBXBuildFile section */

/* Begin PBXContainerItemProxy section */
		D823314E179F7E7800AA90A1 /* PBXContainerItemProxy */ = {
			isa = PBXContainerItemProxy;
			containerPortal = D8656BDB172F932800C0AFDE /* Project object */;
			proxyType = 1;
			remoteGlobalIDString = D8656BE2172F932800C0AFDE;
			remoteInfo = "Do Less";
		};
/* End PBXContainerItemProxy section */

/* Begin PBXFileReference section */
		D823313D179F7DDB00AA90A1 /* ApplicationUnitTests.octest */ = {isa = PBXFileReference; explicitFileType = wrapper.cfbundle; includeInIndex = 0; path = ApplicationUnitTests.octest; sourceTree = BUILT_PRODUCTS_DIR; };
		D8233143179F7DDB00AA90A1 /* ApplicationUnitTests-Info.plist */ = {isa = PBXFileReference; lastKnownFileType = text.plist.xml; path = "ApplicationUnitTests-Info.plist"; sourceTree = "<group>"; };
		D8233147179F7DDB00AA90A1 /* ApplicationUnitTests.h */ = {isa = PBXFileReference; lastKnownFileType = sourcecode.c.h; path = ApplicationUnitTests.h; sourceTree = "<group>"; };
		D8233148179F7DDB00AA90A1 /* ApplicationUnitTests.m */ = {isa = PBXFileReference; lastKnownFileType = sourcecode.c.objc; path = ApplicationUnitTests.m; sourceTree = "<group>"; };
		D823314A179F7DDB00AA90A1 /* ApplicationUnitTests-Prefix.pch */ = {isa = PBXFileReference; lastKnownFileType = sourcecode.c.h; path = "ApplicationUnitTests-Prefix.pch"; sourceTree = "<group>"; };
		D839C7F6180EA95F0023A587 /* Images.xcassets */ = {isa = PBXFileReference; lastKnownFileType = folder.assetcatalog; name = Images.xcassets; path = "Do Less/Images.xcassets"; sourceTree = "<group>"; };
		D83A628017BF2AAB001666DE /* zh-Hans */ = {isa = PBXFileReference; lastKnownFileType = text.plist.strings; name = "zh-Hans"; path = "zh-Hans.lproj/InfoPlist.strings"; sourceTree = "<group>"; };
		D83A628A17BF2F2C001666DE /* Base */ = {isa = PBXFileReference; lastKnownFileType = file.storyboard; name = Base; path = Base.lproj/MainStoryboard.storyboard; sourceTree = "<group>"; };
		D83A62A117BF31FB001666DE /* TodayViewController.m */ = {isa = PBXFileReference; fileEncoding = 4; lastKnownFileType = sourcecode.c.objc; path = TodayViewController.m; sourceTree = "<group>"; };
		D83A62A417BF32DD001666DE /* zh-Hans */ = {isa = PBXFileReference; lastKnownFileType = text.plist.strings; name = "zh-Hans"; path = "zh-Hans.lproj/MainStoryboard.strings"; sourceTree = "<group>"; };
		D850080A17451976008AE1D4 /* TaskSelectionTableViewController.h */ = {isa = PBXFileReference; fileEncoding = 4; lastKnownFileType = sourcecode.c.h; lineEnding = 0; path = TaskSelectionTableViewController.h; sourceTree = "<group>"; xcLanguageSpecificationIdentifier = xcode.lang.objcpp; };
		D850080B17451976008AE1D4 /* TaskSelectionTableViewController.m */ = {isa = PBXFileReference; fileEncoding = 4; lastKnownFileType = sourcecode.c.objc; lineEnding = 0; path = TaskSelectionTableViewController.m; sourceTree = "<group>"; xcLanguageSpecificationIdentifier = xcode.lang.objc; };
		D8543D1217B62BAA009B6B51 /* TaskTableView.h */ = {isa = PBXFileReference; fileEncoding = 4; lastKnownFileType = sourcecode.c.h; path = TaskTableView.h; sourceTree = "<group>"; };
		D8543D1317B62BAA009B6B51 /* TaskTableView.m */ = {isa = PBXFileReference; fileEncoding = 4; lastKnownFileType = sourcecode.c.objc; path = TaskTableView.m; sourceTree = "<group>"; };
		D85AA504179AB575005F228C /* CoreGraphics.framework */ = {isa = PBXFileReference; lastKnownFileType = wrapper.framework; name = CoreGraphics.framework; path = System/Library/Frameworks/CoreGraphics.framework; sourceTree = SDKROOT; };
		D8656BE3172F932800C0AFDE /* Do Less.app */ = {isa = PBXFileReference; explicitFileType = wrapper.application; includeInIndex = 0; path = "Do Less.app"; sourceTree = BUILT_PRODUCTS_DIR; };
		D8656BE6172F932800C0AFDE /* UIKit.framework */ = {isa = PBXFileReference; lastKnownFileType = wrapper.framework; name = UIKit.framework; path = System/Library/Frameworks/UIKit.framework; sourceTree = SDKROOT; };
		D8656BE8172F932800C0AFDE /* Foundation.framework */ = {isa = PBXFileReference; lastKnownFileType = wrapper.framework; name = Foundation.framework; path = System/Library/Frameworks/Foundation.framework; sourceTree = SDKROOT; };
		D8656BEE172F932800C0AFDE /* Do Less-Info.plist */ = {isa = PBXFileReference; lastKnownFileType = text.plist.xml; path = "Do Less-Info.plist"; sourceTree = "<group>"; };
		D8656BF2172F932800C0AFDE /* main.m */ = {isa = PBXFileReference; lastKnownFileType = sourcecode.c.objc; lineEnding = 0; path = main.m; sourceTree = "<group>"; xcLanguageSpecificationIdentifier = xcode.lang.objc; };
		D8656BF4172F932800C0AFDE /* Do Less-Prefix.pch */ = {isa = PBXFileReference; lastKnownFileType = sourcecode.c.h; lineEnding = 0; path = "Do Less-Prefix.pch"; sourceTree = "<group>"; xcLanguageSpecificationIdentifier = xcode.lang.objc; };
		D8656BF5172F932800C0AFDE /* AppDelegate.h */ = {isa = PBXFileReference; lastKnownFileType = sourcecode.c.h; lineEnding = 0; path = AppDelegate.h; sourceTree = "<group>"; xcLanguageSpecificationIdentifier = xcode.lang.objcpp; };
		D8656BF6172F932800C0AFDE /* AppDelegate.m */ = {isa = PBXFileReference; lastKnownFileType = sourcecode.c.objc; lineEnding = 0; path = AppDelegate.m; sourceTree = "<group>"; xcLanguageSpecificationIdentifier = xcode.lang.objc; };
		D8656C01172F932800C0AFDE /* TodayViewController.h */ = {isa = PBXFileReference; lastKnownFileType = sourcecode.c.h; lineEnding = 0; path = TodayViewController.h; sourceTree = "<group>"; xcLanguageSpecificationIdentifier = xcode.lang.objcpp; };
		D8656C0D172F932800C0AFDE /* SenTestingKit.framework */ = {isa = PBXFileReference; lastKnownFileType = wrapper.framework; name = SenTestingKit.framework; path = Library/Frameworks/SenTestingKit.framework; sourceTree = DEVELOPER_DIR; };
		D8656C24172F97BD00C0AFDE /* EventKit.framework */ = {isa = PBXFileReference; lastKnownFileType = wrapper.framework; name = EventKit.framework; path = System/Library/Frameworks/EventKit.framework; sourceTree = SDKROOT; };
		D8656C26172F9A2C00C0AFDE /* Task.h */ = {isa = PBXFileReference; fileEncoding = 4; lastKnownFileType = sourcecode.c.h; lineEnding = 0; path = Task.h; sourceTree = "<group>"; xcLanguageSpecificationIdentifier = xcode.lang.objcpp; };
		D8656C27172F9A2C00C0AFDE /* Task.m */ = {isa = PBXFileReference; fileEncoding = 4; lastKnownFileType = sourcecode.c.objc; lineEnding = 0; path = Task.m; sourceTree = "<group>"; xcLanguageSpecificationIdentifier = xcode.lang.objc; };
		D87D17BA17C08D9700DD7FCB /* zh-Hans */ = {isa = PBXFileReference; lastKnownFileType = text.plist.strings; name = "zh-Hans"; path = "zh-Hans.lproj/Localizable.strings"; sourceTree = "<group>"; };
		D885529517B0EDCA00206229 /* Common.h */ = {isa = PBXFileReference; fileEncoding = 4; lastKnownFileType = sourcecode.c.h; path = Common.h; sourceTree = "<group>"; };
		D885529617B0EDCA00206229 /* Common.m */ = {isa = PBXFileReference; fileEncoding = 4; lastKnownFileType = sourcecode.c.objc; path = Common.m; sourceTree = "<group>"; };
		D8AC75CA1796B6D900883487 /* TaskCell.h */ = {isa = PBXFileReference; fileEncoding = 4; lastKnownFileType = sourcecode.c.h; path = TaskCell.h; sourceTree = "<group>"; };
		D8AC75CB1796B6D900883487 /* TaskCell.m */ = {isa = PBXFileReference; fileEncoding = 4; lastKnownFileType = sourcecode.c.objc; path = TaskCell.m; sourceTree = "<group>"; };
		D8CA028B179D545800648313 /* AudioToolbox.framework */ = {isa = PBXFileReference; lastKnownFileType = wrapper.framework; name = AudioToolbox.framework; path = System/Library/Frameworks/AudioToolbox.framework; sourceTree = SDKROOT; };
		D8CA028E179D549B00648313 /* Stamp.wav */ = {isa = PBXFileReference; lastKnownFileType = audio.wav; name = Stamp.wav; path = "Do Less/Stamp.wav"; sourceTree = "<group>"; };
/* End PBXFileReference section */

/* Begin PBXFrameworksBuildPhase section */
		D8233139179F7DDB00AA90A1 /* Frameworks */ = {
			isa = PBXFrameworksBuildPhase;
			buildActionMask = 2147483647;
			files = (
				D823313E179F7DDB00AA90A1 /* SenTestingKit.framework in Frameworks */,
				D823313F179F7DDB00AA90A1 /* UIKit.framework in Frameworks */,
				D8233140179F7DDB00AA90A1 /* Foundation.framework in Frameworks */,
			);
			runOnlyForDeploymentPostprocessing = 0;
		};
		D8656BE0172F932800C0AFDE /* Frameworks */ = {
			isa = PBXFrameworksBuildPhase;
			buildActionMask = 2147483647;
			files = (
				D8CA028D179D546D00648313 /* CoreGraphics.framework in Frameworks */,
				D8CA028C179D545800648313 /* AudioToolbox.framework in Frameworks */,
				D8656C25172F97BD00C0AFDE /* EventKit.framework in Frameworks */,
				D8656BE7172F932800C0AFDE /* UIKit.framework in Frameworks */,
				D8656BE9172F932800C0AFDE /* Foundation.framework in Frameworks */,
			);
			runOnlyForDeploymentPostprocessing = 0;
		};
/* End PBXFrameworksBuildPhase section */

/* Begin PBXGroup section */
		D8233141179F7DDB00AA90A1 /* ApplicationUnitTests */ = {
			isa = PBXGroup;
			children = (
				D8233147179F7DDB00AA90A1 /* ApplicationUnitTests.h */,
				D8233148179F7DDB00AA90A1 /* ApplicationUnitTests.m */,
				D8233142179F7DDB00AA90A1 /* Supporting Files */,
			);
			path = ApplicationUnitTests;
			sourceTree = "<group>";
		};
		D8233142179F7DDB00AA90A1 /* Supporting Files */ = {
			isa = PBXGroup;
			children = (
				D8233143179F7DDB00AA90A1 /* ApplicationUnitTests-Info.plist */,
				D823314A179F7DDB00AA90A1 /* ApplicationUnitTests-Prefix.pch */,
			);
			name = "Supporting Files";
			sourceTree = "<group>";
		};
		D8656BDA172F932700C0AFDE = {
			isa = PBXGroup;
			children = (
				D8CA028E179D549B00648313 /* Stamp.wav */,
				D839C7F6180EA95F0023A587 /* Images.xcassets */,
				D8656BFE172F932800C0AFDE /* MainStoryboard.storyboard */,
				D8656C29172F9A3D00C0AFDE /* Models */,
				D8AC75CD1796B6EC00883487 /* Views */,
				D8656C2A172F9A4700C0AFDE /* Controllers */,
				D885529417B0ED8C00206229 /* Misc Source */,
				D8656BED172F932800C0AFDE /* Supporting Files */,
				D8233141179F7DDB00AA90A1 /* ApplicationUnitTests */,
				D8656BE5172F932800C0AFDE /* Frameworks */,
				D8656BE4172F932800C0AFDE /* Products */,
			);
			sourceTree = "<group>";
		};
		D8656BE4172F932800C0AFDE /* Products */ = {
			isa = PBXGroup;
			children = (
				D8656BE3172F932800C0AFDE /* Do Less.app */,
				D823313D179F7DDB00AA90A1 /* ApplicationUnitTests.octest */,
			);
			name = Products;
			sourceTree = "<group>";
		};
		D8656BE5172F932800C0AFDE /* Frameworks */ = {
			isa = PBXGroup;
			children = (
				D8CA028B179D545800648313 /* AudioToolbox.framework */,
				D85AA504179AB575005F228C /* CoreGraphics.framework */,
				D8656C24172F97BD00C0AFDE /* EventKit.framework */,
				D8656BE6172F932800C0AFDE /* UIKit.framework */,
				D8656BE8172F932800C0AFDE /* Foundation.framework */,
				D8656C0D172F932800C0AFDE /* SenTestingKit.framework */,
			);
			name = Frameworks;
			sourceTree = "<group>";
		};
		D8656BED172F932800C0AFDE /* Supporting Files */ = {
			isa = PBXGroup;
			children = (
				D87D17B917C08D9700DD7FCB /* Localizable.strings */,
				D8656BEE172F932800C0AFDE /* Do Less-Info.plist */,
				D8656BEF172F932800C0AFDE /* InfoPlist.strings */,
			);
			name = "Supporting Files";
			path = "Do Less";
			sourceTree = "<group>";
		};
		D8656C29172F9A3D00C0AFDE /* Models */ = {
			isa = PBXGroup;
			children = (
				D8656C26172F9A2C00C0AFDE /* Task.h */,
				D8656C27172F9A2C00C0AFDE /* Task.m */,
			);
			name = Models;
			path = "Do Less";
			sourceTree = "<group>";
		};
		D8656C2A172F9A4700C0AFDE /* Controllers */ = {
			isa = PBXGroup;
			children = (
				D850080A17451976008AE1D4 /* TaskSelectionTableViewController.h */,
				D850080B17451976008AE1D4 /* TaskSelectionTableViewController.m */,
				D8656C01172F932800C0AFDE /* TodayViewController.h */,
				D83A62A117BF31FB001666DE /* TodayViewController.m */,
			);
			name = Controllers;
			path = "Do Less";
			sourceTree = "<group>";
		};
		D885529417B0ED8C00206229 /* Misc Source */ = {
			isa = PBXGroup;
			children = (
				D8656BF5172F932800C0AFDE /* AppDelegate.h */,
				D8656BF6172F932800C0AFDE /* AppDelegate.m */,
				D885529517B0EDCA00206229 /* Common.h */,
				D885529617B0EDCA00206229 /* Common.m */,
				D8656BF4172F932800C0AFDE /* Do Less-Prefix.pch */,
				D8656BF2172F932800C0AFDE /* main.m */,
			);
			name = "Misc Source";
			path = "Do Less";
			sourceTree = "<group>";
		};
		D8AC75CD1796B6EC00883487 /* Views */ = {
			isa = PBXGroup;
			children = (
				D8AC75CA1796B6D900883487 /* TaskCell.h */,
				D8AC75CB1796B6D900883487 /* TaskCell.m */,
				D8543D1217B62BAA009B6B51 /* TaskTableView.h */,
				D8543D1317B62BAA009B6B51 /* TaskTableView.m */,
			);
			name = Views;
			path = "Do Less";
			sourceTree = "<group>";
		};
/* End PBXGroup section */

/* Begin PBXNativeTarget section */
		D823313C179F7DDB00AA90A1 /* ApplicationUnitTests */ = {
			isa = PBXNativeTarget;
			buildConfigurationList = D823314B179F7DDB00AA90A1 /* Build configuration list for PBXNativeTarget "ApplicationUnitTests" */;
			buildPhases = (
				D8233138179F7DDB00AA90A1 /* Sources */,
				D8233139179F7DDB00AA90A1 /* Frameworks */,
				D823313A179F7DDB00AA90A1 /* Resources */,
				D823313B179F7DDB00AA90A1 /* ShellScript */,
			);
			buildRules = (
			);
			dependencies = (
				D823314F179F7E7800AA90A1 /* PBXTargetDependency */,
			);
			name = ApplicationUnitTests;
			productName = ApplicationUnitTests;
			productReference = D823313D179F7DDB00AA90A1 /* ApplicationUnitTests.octest */;
			productType = "com.apple.product-type.bundle";
		};
		D8656BE2172F932800C0AFDE /* Do Less */ = {
			isa = PBXNativeTarget;
			buildConfigurationList = D8656C1E172F932800C0AFDE /* Build configuration list for PBXNativeTarget "Do Less" */;
			buildPhases = (
				D8656BDF172F932800C0AFDE /* Sources */,
				D8656BE0172F932800C0AFDE /* Frameworks */,
				D8656BE1172F932800C0AFDE /* Resources */,
			);
			buildRules = (
			);
			dependencies = (
			);
			name = "Do Less";
			productName = "Do Less";
			productReference = D8656BE3172F932800C0AFDE /* Do Less.app */;
			productType = "com.apple.product-type.application";
		};
/* End PBXNativeTarget section */

/* Begin PBXProject section */
		D8656BDB172F932800C0AFDE /* Project object */ = {
			isa = PBXProject;
			attributes = {
				LastUpgradeCheck = 0460;
				ORGANIZATIONNAME = Roc;
				TargetAttributes = {
					D8656BE2172F932800C0AFDE = {
						DevelopmentTeam = X2FC24D2Q4;
					};
				};
			};
			buildConfigurationList = D8656BDE172F932800C0AFDE /* Build configuration list for PBXProject "Do Less" */;
			compatibilityVersion = "Xcode 3.2";
			developmentRegion = English;
			hasScannedForEncodings = 0;
			knownRegions = (
				en,
				"zh-Hans",
				Base,
			);
			mainGroup = D8656BDA172F932700C0AFDE;
			productRefGroup = D8656BE4172F932800C0AFDE /* Products */;
			projectDirPath = "";
			projectRoot = "";
			targets = (
				D8656BE2172F932800C0AFDE /* Do Less */,
				D823313C179F7DDB00AA90A1 /* ApplicationUnitTests */,
			);
		};
/* End PBXProject section */

/* Begin PBXResourcesBuildPhase section */
		D823313A179F7DDB00AA90A1 /* Resources */ = {
			isa = PBXResourcesBuildPhase;
			buildActionMask = 2147483647;
			files = (
			);
			runOnlyForDeploymentPostprocessing = 0;
		};
		D8656BE1172F932800C0AFDE /* Resources */ = {
			isa = PBXResourcesBuildPhase;
			buildActionMask = 2147483647;
			files = (
				D8656BF1172F932800C0AFDE /* InfoPlist.strings in Resources */,
				D8656C00172F932800C0AFDE /* MainStoryboard.storyboard in Resources */,
				D8CA028F179D549B00648313 /* Stamp.wav in Resources */,
				D839C7F7180EA95F0023A587 /* Images.xcassets in Resources */,
				D87D17BB17C08D9700DD7FCB /* Localizable.strings in Resources */,
			);
			runOnlyForDeploymentPostprocessing = 0;
		};
/* End PBXResourcesBuildPhase section */

/* Begin PBXShellScriptBuildPhase section */
		D823313B179F7DDB00AA90A1 /* ShellScript */ = {
			isa = PBXShellScriptBuildPhase;
			buildActionMask = 2147483647;
			files = (
			);
			inputPaths = (
			);
			outputPaths = (
			);
			runOnlyForDeploymentPostprocessing = 0;
			shellPath = /bin/sh;
			shellScript = "# Run the unit tests in this test bundle.\n\"${SYSTEM_DEVELOPER_DIR}/Tools/RunUnitTests\"\n";
		};
/* End PBXShellScriptBuildPhase section */

/* Begin PBXSourcesBuildPhase section */
		D8233138179F7DDB00AA90A1 /* Sources */ = {
			isa = PBXSourcesBuildPhase;
			buildActionMask = 2147483647;
			files = (
				D8233149179F7DDB00AA90A1 /* ApplicationUnitTests.m in Sources */,
			);
			runOnlyForDeploymentPostprocessing = 0;
		};
		D8656BDF172F932800C0AFDE /* Sources */ = {
			isa = PBXSourcesBuildPhase;
			buildActionMask = 2147483647;
			files = (
				D8AC75CC1796B6D900883487 /* TaskCell.m in Sources */,
				D8656BF3172F932800C0AFDE /* main.m in Sources */,
				D8656BF7172F932800C0AFDE /* AppDelegate.m in Sources */,
				D8656C28172F9A2C00C0AFDE /* Task.m in Sources */,
				D850080C17451976008AE1D4 /* TaskSelectionTableViewController.m in Sources */,
				D885529717B0EDCA00206229 /* Common.m in Sources */,
				D8543D1417B62BAA009B6B51 /* TaskTableView.m in Sources */,
				D83A62A217BF31FB001666DE /* TodayViewController.m in Sources */,
			);
			runOnlyForDeploymentPostprocessing = 0;
		};
/* End PBXSourcesBuildPhase section */

/* Begin PBXTargetDependency section */
		D823314F179F7E7800AA90A1 /* PBXTargetDependency */ = {
			isa = PBXTargetDependency;
			target = D8656BE2172F932800C0AFDE /* Do Less */;
			targetProxy = D823314E179F7E7800AA90A1 /* PBXContainerItemProxy */;
		};
/* End PBXTargetDependency section */

/* Begin PBXVariantGroup section */
		D8656BEF172F932800C0AFDE /* InfoPlist.strings */ = {
			isa = PBXVariantGroup;
			children = (
				D83A628017BF2AAB001666DE /* zh-Hans */,
			);
			name = InfoPlist.strings;
			sourceTree = "<group>";
		};
		D8656BFE172F932800C0AFDE /* MainStoryboard.storyboard */ = {
			isa = PBXVariantGroup;
			children = (
				D83A628A17BF2F2C001666DE /* Base */,
				D83A62A417BF32DD001666DE /* zh-Hans */,
			);
			name = MainStoryboard.storyboard;
			path = "Do Less";
			sourceTree = "<group>";
		};
		D87D17B917C08D9700DD7FCB /* Localizable.strings */ = {
			isa = PBXVariantGroup;
			children = (
				D87D17BA17C08D9700DD7FCB /* zh-Hans */,
			);
			name = Localizable.strings;
			sourceTree = "<group>";
		};
/* End PBXVariantGroup section */

/* Begin XCBuildConfiguration section */
		D823314C179F7DDB00AA90A1 /* Debug */ = {
			isa = XCBuildConfiguration;
			buildSettings = {
				BUNDLE_LOADER = "$(BUILT_PRODUCTS_DIR)/$(PROJECT_NAME).app/$(PROJECT_NAME)";
				FRAMEWORK_SEARCH_PATHS = (
					"\"$(SDKROOT)/Developer/Library/Frameworks\"",
					"\"$(DEVELOPER_LIBRARY_DIR)/Frameworks\"",
				);
				GCC_PRECOMPILE_PREFIX_HEADER = YES;
				GCC_PREFIX_HEADER = "ApplicationUnitTests/ApplicationUnitTests-Prefix.pch";
				INFOPLIST_FILE = "ApplicationUnitTests/ApplicationUnitTests-Info.plist";
				PRODUCT_NAME = "$(TARGET_NAME)";
				TEST_HOST = "$(BUNDLE_LOADER)";
				WRAPPER_EXTENSION = octest;
			};
			name = Debug;
		};
		D823314D179F7DDB00AA90A1 /* Release */ = {
			isa = XCBuildConfiguration;
			buildSettings = {
				BUNDLE_LOADER = "$(BUILT_PRODUCTS_DIR)/$(PROJECT_NAME).app/$(PROJECT_NAME)";
				FRAMEWORK_SEARCH_PATHS = (
					"\"$(SDKROOT)/Developer/Library/Frameworks\"",
					"\"$(DEVELOPER_LIBRARY_DIR)/Frameworks\"",
				);
				GCC_PRECOMPILE_PREFIX_HEADER = YES;
				GCC_PREFIX_HEADER = "ApplicationUnitTests/ApplicationUnitTests-Prefix.pch";
				INFOPLIST_FILE = "ApplicationUnitTests/ApplicationUnitTests-Info.plist";
				PRODUCT_NAME = "$(TARGET_NAME)";
				TEST_HOST = "$(BUNDLE_LOADER)";
				WRAPPER_EXTENSION = octest;
			};
			name = Release;
		};
		D8656C1C172F932800C0AFDE /* Debug */ = {
			isa = XCBuildConfiguration;
			buildSettings = {
				ALWAYS_SEARCH_USER_PATHS = NO;
				CLANG_CXX_LANGUAGE_STANDARD = "gnu++0x";
				CLANG_CXX_LIBRARY = "libc++";
				CLANG_ENABLE_OBJC_ARC = YES;
				CLANG_WARN_CONSTANT_CONVERSION = YES;
				CLANG_WARN_EMPTY_BODY = YES;
				CLANG_WARN_ENUM_CONVERSION = YES;
				CLANG_WARN_INT_CONVERSION = YES;
				CLANG_WARN__DUPLICATE_METHOD_MATCH = YES;
				"CODE_SIGN_IDENTITY[sdk=iphoneos*]" = "iPhone Developer";
				COPY_PHASE_STRIP = NO;
				GCC_C_LANGUAGE_STANDARD = gnu99;
				GCC_DYNAMIC_NO_PIC = NO;
				GCC_OPTIMIZATION_LEVEL = 0;
				GCC_PREPROCESSOR_DEFINITIONS = (
					"DEBUG=1",
					"$(inherited)",
				);
				GCC_SYMBOLS_PRIVATE_EXTERN = NO;
				GCC_WARN_ABOUT_RETURN_TYPE = YES;
				GCC_WARN_UNINITIALIZED_AUTOS = YES;
				GCC_WARN_UNUSED_VARIABLE = YES;
				IPHONEOS_DEPLOYMENT_TARGET = 6.1;
				ONLY_ACTIVE_ARCH = YES;
				SDKROOT = iphoneos;
			};
			name = Debug;
		};
		D8656C1D172F932800C0AFDE /* Release */ = {
			isa = XCBuildConfiguration;
			buildSettings = {
				ALWAYS_SEARCH_USER_PATHS = NO;
				CLANG_CXX_LANGUAGE_STANDARD = "gnu++0x";
				CLANG_CXX_LIBRARY = "libc++";
				CLANG_ENABLE_OBJC_ARC = YES;
				CLANG_WARN_CONSTANT_CONVERSION = YES;
				CLANG_WARN_EMPTY_BODY = YES;
				CLANG_WARN_ENUM_CONVERSION = YES;
				CLANG_WARN_INT_CONVERSION = YES;
				CLANG_WARN__DUPLICATE_METHOD_MATCH = YES;
				CODE_SIGN_IDENTITY = "iPhone Distribution";
				"CODE_SIGN_IDENTITY[sdk=iphoneos*]" = "iPhone Distribution";
				COPY_PHASE_STRIP = YES;
				GCC_C_LANGUAGE_STANDARD = gnu99;
				GCC_WARN_ABOUT_RETURN_TYPE = YES;
				GCC_WARN_UNINITIALIZED_AUTOS = YES;
				GCC_WARN_UNUSED_VARIABLE = YES;
				IPHONEOS_DEPLOYMENT_TARGET = 6.1;
				OTHER_CFLAGS = "-DNS_BLOCK_ASSERTIONS=1";
				PROVISIONING_PROFILE = "";
				"PROVISIONING_PROFILE[sdk=iphoneos*]" = "";
				SDKROOT = iphoneos;
				VALIDATE_PRODUCT = YES;
			};
			name = Release;
		};
		D8656C1F172F932800C0AFDE /* Debug */ = {
			isa = XCBuildConfiguration;
			buildSettings = {
				ASSETCATALOG_COMPILER_APPICON_NAME = AppIcon;
				ASSETCATALOG_COMPILER_LAUNCHIMAGE_NAME = LaunchImage;
				CODE_SIGN_IDENTITY = "iPhone Developer";
				"CODE_SIGN_IDENTITY[sdk=iphoneos*]" = "iPhone Developer";
				DEPLOYMENT_POSTPROCESSING = NO;
				FRAMEWORK_SEARCH_PATHS = "";
				GCC_PRECOMPILE_PREFIX_HEADER = YES;
				GCC_PREFIX_HEADER = "Do Less/Do Less-Prefix.pch";
				INFOPLIST_FILE = "Do Less/Do Less-Info.plist";
				IPHONEOS_DEPLOYMENT_TARGET = 7.0;
				PRODUCT_NAME = "Do Less";
				PROVISIONING_PROFILE = "";
				WRAPPER_EXTENSION = app;
			};
			name = Debug;
		};
		D8656C20172F932800C0AFDE /* Release */ = {
			isa = XCBuildConfiguration;
			buildSettings = {
				ASSETCATALOG_COMPILER_APPICON_NAME = AppIcon;
				ASSETCATALOG_COMPILER_LAUNCHIMAGE_NAME = LaunchImage;
				CODE_SIGN_IDENTITY = "iPhone Developer";
				"CODE_SIGN_IDENTITY[sdk=iphoneos*]" = "iPhone Developer";
				DEPLOYMENT_POSTPROCESSING = NO;
				FRAMEWORK_SEARCH_PATHS = "";
				GCC_PRECOMPILE_PREFIX_HEADER = YES;
				GCC_PREFIX_HEADER = "Do Less/Do Less-Prefix.pch";
				INFOPLIST_FILE = "Do Less/Do Less-Info.plist";
				IPHONEOS_DEPLOYMENT_TARGET = 7.0;
				PRODUCT_NAME = "Do Less";
				PROVISIONING_PROFILE = "";
				"PROVISIONING_PROFILE[sdk=iphoneos*]" = "";
				WRAPPER_EXTENSION = app;
			};
			name = Release;
		};
/* End XCBuildConfiguration section */

/* Begin XCConfigurationList section */
		D823314B179F7DDB00AA90A1 /* Build configuration list for PBXNativeTarget "ApplicationUnitTests" */ = {
			isa = XCConfigurationList;
			buildConfigurations = (
				D823314C179F7DDB00AA90A1 /* Debug */,
				D823314D179F7DDB00AA90A1 /* Release */,
			);
			defaultConfigurationIsVisible = 0;
			defaultConfigurationName = Release;
		};
		D8656BDE172F932800C0AFDE /* Build configuration list for PBXProject "Do Less" */ = {
			isa = XCConfigurationList;
			buildConfigurations = (
				D8656C1C172F932800C0AFDE /* Debug */,
				D8656C1D172F932800C0AFDE /* Release */,
			);
			defaultConfigurationIsVisible = 0;
			defaultConfigurationName = Release;
		};
		D8656C1E172F932800C0AFDE /* Build configuration list for PBXNativeTarget "Do Less" */ = {
			isa = XCConfigurationList;
			buildConfigurations = (
				D8656C1F172F932800C0AFDE /* Debug */,
				D8656C20172F932800C0AFDE /* Release */,
			);
			defaultConfigurationIsVisible = 0;
			defaultConfigurationName = Release;
		};
/* End XCConfigurationList section */
	};
	rootObject = D8656BDB172F932800C0AFDE /* Project object */;
}
